lockfileVersion: '9.0'

settings:
  autoInstallPeers: true
  excludeLinksFromLockfile: false

patchedDependencies:
  binaryen@129.0.0-nightly.20260419:
    hash: 20739acd602f8b086ad5e9fad13190d3c17f34b439314689e5ca49189b9ea49d
    path: patches/binaryen@129.0.0-nightly.20260419.patch

importers:

  .:
    devDependencies:
      '@biomejs/biome':
        specifier: 2.4.12
        version: 2.4.12
      '@types/node':
        specifier: 25.6.0
        version: 25.6.0
      fast-check:
        specifier: 4.7.0
        version: 4.7.0
      typescript:
        specifier: 6.0.3
        version: 6.0.3

  packages/cli-compiler:
    dependencies:
      '@adonisjs/ace':
        specifier: 14.1.0
        version: 14.1.0(youch@3.3.4)
      '@tinywhale/compiler':
        specifier: workspace:*
        version: link:../compiler
      '@tinywhale/diagnostics':
        specifier: workspace:*
        version: link:../diagnostics
    devDependencies:
      '@types/node':
        specifier: 25.6.0
        version: 25.6.0
      typescript:
        specifier: 6.0.3
        version: 6.0.3

  packages/cli-grammar-test:
    dependencies:
      '@adonisjs/ace':
        specifier: 14.1.0
        version: 14.1.0(youch@3.3.4)
      '@tinywhale/grammar-test':
        specifier: workspace:*
        version: link:../grammar-test
      ohm-js:
        specifier: 17.5.0
        version: 17.5.0
    devDependencies:
      '@types/node':
        specifier: 25.6.0
        version: 25.6.0
      typescript:
        specifier: 6.0.3
        version: 6.0.3

  packages/cli-lsp:
    dependencies:
      '@adonisjs/ace':
        specifier: 14.1.0
        version: 14.1.0(youch@3.3.4)
      '@tinywhale/lsp':
        specifier: workspace:*
        version: link:../lsp
    devDependencies:
      '@types/node':
        specifier: 25.6.0
        version: 25.6.0
      typescript:
        specifier: 6.0.3
        version: 6.0.3

  packages/compiler:
    dependencies:
      '@tinywhale/diagnostics':
        specifier: workspace:*
        version: link:../diagnostics
      binaryen:
        specifier: 129.0.0-nightly.20260419
        version: 129.0.0-nightly.20260419(patch_hash=20739acd602f8b086ad5e9fad13190d3c17f34b439314689e5ca49189b9ea49d)
      ohm-js:
        specifier: 17.5.0
        version: 17.5.0
    devDependencies:
      '@ohm-js/cli':
        specifier: 2.0.1
        version: 2.0.1(ohm-js@17.5.0)
      '@tinywhale/grammar-test':
        specifier: workspace:*
        version: link:../grammar-test
      '@types/node':
        specifier: 25.6.0
        version: 25.6.0
      typescript:
        specifier: 6.0.3
        version: 6.0.3

  packages/diagnostics: {}

  packages/grammar-test:
    dependencies:
      ohm-js:
        specifier: 17.5.0
        version: 17.5.0
    devDependencies:
      '@types/node':
        specifier: 25.6.0
        version: 25.6.0
      typescript:
        specifier: 6.0.3
        version: 6.0.3

  packages/lsp:
    dependencies:
      '@tinywhale/compiler':
        specifier: workspace:*
        version: link:../compiler
    devDependencies:
      '@types/node':
        specifier: 25.6.0
        version: 25.6.0
      typescript:
        specifier: 6.0.3
        version: 6.0.3

packages:

  '@adonisjs/ace@14.1.0':
    resolution: {integrity: sha512-8N8z1YKePBiXz7wLxHFz/HSqjCRSL/9Vzs4XQt8gk8G17u4PXwNncWt0vSgYEcDrvPAt+QOavY1vMeKOOWe29w==}
    engines: {node: '>=24.0.0'}
    peerDependencies:
      youch: ^4.1.0-beta.11 || ^4.1.0

  '@biomejs/biome@2.4.12':
    resolution: {integrity: sha512-Rro7adQl3NLq/zJCIL98eElXKI8eEiBtoeu5TbXF/U3qbjuSc7Jb5rjUbeHHcquDWeSf3HnGP7XI5qGrlRk/pA==}
    engines: {node: '>=14.21.3'}
    hasBin: true

  '@biomejs/cli-darwin-arm64@2.4.12':
    resolution: {integrity: sha512-BnMU4Pc3ciEVteVpZ0BK33MLr7X57F5w1dwDLDn+/iy/yTrA4Q/N2yftidFtsA4vrDh0FMXDpacNV/Tl3fbmng==}
    engines: {node: '>=14.21.3'}
    cpu: [arm64]
    os: [darwin]

  '@biomejs/cli-darwin-x64@2.4.12':
    resolution: {integrity: sha512-x9uJ0bI1rJsWICp3VH8w/5PnAVD3A7SqzDpbrfoUQX1QyWrK5jSU4fRLo/wSgGeplCivbxBRKmt5Xq4/nWvq8A==}
    engines: {node: '>=14.21.3'}
    cpu: [x64]
    os: [darwin]

  '@biomejs/cli-linux-arm64-musl@2.4.12':
    resolution: {integrity: sha512-FhfpkAAlKL6kwvcVap0Hgp4AhZmtd3YImg0kK1jd7C/aSoh4SfsB2f++yG1rU0lr8Y5MCFJrcSkmssiL9Xnnig==}
    engines: {node: '>=14.21.3'}
    cpu: [arm64]
    os: [linux]
    libc: [musl]

  '@biomejs/cli-linux-arm64@2.4.12':
    resolution: {integrity: sha512-tOwuCuZZtKi1jVzbk/5nXmIsziOB6yqN8c9r9QM0EJYPU6DpQWf11uBOSCfFKKM4H3d9ZoarvlgMfbcuD051Pw==}
    engines: {node: '>=14.21.3'}
    cpu: [arm64]
    os: [linux]
    libc: [glibc]

  '@biomejs/cli-linux-x64-musl@2.4.12':
    resolution: {integrity: sha512-dwTIgZrGutzhkQCuvHynCkyW6hJxUuyZqKKO0YNfaS2GUoRO+tOvxXZqZB6SkWAOdfZTzwaw8IEdUnIkHKHoew==}
    engines: {node: '>=14.21.3'}
    cpu: [x64]
    os: [linux]
    libc: [musl]

  '@biomejs/cli-linux-x64@2.4.12':
    resolution: {integrity: sha512-8pFeAnLU9QdW9jCIslB/v82bI0lhBmz2ZAKc8pVMFPO0t0wAHsoEkrUQUbMkIorTRIjbqyNZHA3lEXavsPWYSw==}
    engines: {node: '>=14.21.3'}
    cpu: [x64]
    os: [linux]
    libc: [glibc]

  '@biomejs/cli-win32-arm64@2.4.12':
    resolution: {integrity: sha512-B0DLnx0vA9ya/3v7XyCaP+/lCpnbWbMOfUFFve+xb5OxyYvdHaS55YsSddr228Y+JAFk58agCuZTsqNiw2a6ig==}
    engines: {node: '>=14.21.3'}
    cpu: [arm64]
    os: [win32]

  '@biomejs/cli-win32-x64@2.4.12':
    resolution: {integrity: sha512-yMckRzTyZ83hkk8iDFWswqSdU8tvZxspJKnYNh7JZr/zhZNOlzH13k4ecboU6MurKExCe2HUkH75pGI/O2JwGA==}
    engines: {node: '>=14.21.3'}
    cpu: [x64]
    os: [win32]

  '@colors/colors@1.5.0':
    resolution: {integrity: sha512-ooWCrlZP11i8GImSjTHYHLkvFDP48nS4+204nGb1RiX/WXYHmJA2III9/e2DWVabCESdW7hBAEzHRqUn9OUVvQ==}
    engines: {node: '>=0.1.90'}

  '@nodelib/fs.scandir@2.1.5':
    resolution: {integrity: sha512-vq24Bq3ym5HEQm2NKCr3yXDwjc7vTsEThRDnkp2DK9p1uqLR+DHurm/NOTo0KG7HYHU7eppKZj3MyqYuMBf62g==}
    engines: {node: '>= 8'}

  '@nodelib/fs.stat@2.0.5':
    resolution: {integrity: sha512-RkhPPp2zrqDAQA/2jNhnztcPAlv64XdhIp7a7454A5ovI7Bukxgt7MX7udwAu3zg1DcpPU0rz3VV1SeaqvY4+A==}
    engines: {node: '>= 8'}

  '@nodelib/fs.walk@1.2.8':
    resolution: {integrity: sha512-oGB+UxlgWcgQkgwo8GcEGwemoTFt3FIO9ababBmaGwXIoBKZ+GTy0pP185beGg7Llih/NSHSV2XAs1lnznocSg==}
    engines: {node: '>= 8'}

  '@ohm-js/cli@2.0.1':
    resolution: {integrity: sha512-LKU5hGd/vmgsoZaWA9cEn7R84jRYg/2nUmHnozVGq0zIM++n9JPXvHBSJM8MHJIKm+RSDd19oKTbNs8nmio1nw==}
    hasBin: true
    peerDependencies:
      ohm-js: ^17.0.0

  '@poppinss/cliui@6.8.1':
    resolution: {integrity: sha512-o/ssbwr+r6woG65rk9eFHnn9dVUphZr/Rk+4+05ENVMBWYpYhTJGdE9RobTG5JLFubvO4gWIyFeNlC+I4EM6eA==}

  '@poppinss/colors@4.1.6':
    resolution: {integrity: sha512-H9xkIdFswbS8n1d6vmRd8+c10t2Qe+rZITbbDHHkQixH5+2x1FDGmi/0K+WgWiqQFKPSlIYB7jlH6Kpfn6Fleg==}

  '@poppinss/exception@1.2.3':
    resolution: {integrity: sha512-dCED+QRChTVatE9ibtoaxc+WkdzOSjYTKi/+uacHWIsfodVfpsueo3+DKpgU5Px8qXjgmXkSvhXvSCz3fnP9lw==}

  '@poppinss/hooks@7.3.0':
    resolution: {integrity: sha512-/H35z/bWqHg7085QOxWUDYMidx6Kl6b8kIyzIXlRYzWvsk1xm9hQOlXWdWEYch+Gmn8eL7tThx59MBj8BLxDrQ==}

  '@poppinss/macroable@1.1.2':
    resolution: {integrity: sha512-FAVBRzzWhYP5mA3lCwLH1A0fKBqq5anyjGet90Z81aRK5c/+LTGUE1zJhZrErjaenBSOOI9BVUs3WVmotneFQA==}

  '@poppinss/object-builder@1.1.0':
    resolution: {integrity: sha512-FOrOq52l7u8goR5yncX14+k+Ewi5djnrt1JwXeS/FvnwAPOiveFhiczCDuvXdssAwamtrV2hp5Rw9v+n2T7hQg==}
    engines: {node: '>=20.6.0'}

  '@poppinss/prompts@3.1.6':
    resolution: {integrity: sha512-cKHfkID6b3wl1kbHJJRC/pznQ3KnRVydyk7CE38NfTV3VS45BDYCxeZZ7bfDin71qMzITh18lKnu8iuLxBngHA==}

  '@poppinss/string@1.7.1':
    resolution: {integrity: sha512-OrLzv/nGDU6l6dLXIQHe8nbNSWWfuSbpB/TW5nRpZFf49CLuQlIHlSPN9IdSUv2vG+59yGM6LoibsaHn8B8mDw==}

  '@poppinss/types@1.2.1':
    resolution: {integrity: sha512-qUYnzl0m9HJTWsXtr8Xo7CwDx6wcjrvo14bOVbIMIlKJCzKrm3LX55dRTDr1/x4PpSvKVgmxvC6Ly2YiqXKOvQ==}

  '@poppinss/utils@7.0.1':
    resolution: {integrity: sha512-mveSvLI2YPC114mK5HCuSYfUtjpClf1wHG1VCqZJCp4U2ypPhIt62Iku5urh0kPAFvnvCVHx2bXBSH14qMTOlQ==}

  '@types/node@25.6.0':
    resolution: {integrity: sha512-+qIYRKdNYJwY3vRCZMdJbPLJAtGjQBudzZzdzwQYkEPQd+PJGixUL5QfvCLDaULoLv+RhT3LDkwEfKaAkgSmNQ==}

  '@types/pluralize@0.0.33':
    resolution: {integrity: sha512-JOqsl+ZoCpP4e8TDke9W79FDcSgPAR0l6pixx2JHkhnRjvShyYiAYw2LVsnA7K08Y6DeOnaU6ujmENO4os/cYg==}

  ansi-colors@4.1.3:
    resolution: {integrity: sha512-/6w/C21Pm1A7aZitlI5Ni/2J6FFQN8i1Cvz3kHABAAbw93v/NlvKdVOqz7CCWz/3iv/JplRSEEZ83XION15ovw==}
    engines: {node: '>=6'}

  ansi-escapes@7.3.0:
    resolution: {integrity: sha512-BvU8nYgGQBxcmMuEeUEmNTvrMVjJNSH7RgW24vXexN4Ven6qCvy4TntnvlnwnMLTVlcRQQdbRY8NKnaIoeWDNg==}
    engines: {node: '>=18'}

  ansi-regex@5.0.1:
    resolution: {integrity: sha512-quJQXlTSUGL2LH9SUXo8VwsY4soanhgo6LNSm84E1LBcE8s3O0wpdiRzyR9z/ZZJMlMWv37qOOb9pdJlMUEKFQ==}
    engines: {node: '>=8'}

  ansi-regex@6.2.2:
    resolution: {integrity: sha512-Bq3SmSpyFHaWjPk8If9yc6svM8c56dB5BAtW4Qbw5jHTwwXXcTLoRMkpDJp6VL0XzlWaCHTXrkFURMYmD0sLqg==}
    engines: {node: '>=12'}

  ansi-styles@6.2.3:
    resolution: {integrity: sha512-4Dj6M28JB+oAH8kFkTLUo+a2jwOFkuqb3yucU0CANcRRUbxS0cP0nZYCGjcc3BNXwRIsUVmDGgzawme7zvJHvg==}
    engines: {node: '>=12'}

  as-table@1.0.55:
    resolution: {integrity: sha512-xvsWESUJn0JN421Xb9MQw6AsMHRCUknCe0Wjlxvjud80mU4E6hQf1A6NzQKcYNmYw62MfzEtXc+badstZP3JpQ==}

  binaryen@129.0.0-nightly.20260419:
    resolution: {integrity: sha512-5Oir3mh24oUnPbeamIvyR90hWeeLekDBs1omWQTTkpIekC3UY2p5zhFy9MwbjdskVzw/HHNd729aROuhU3daYA==}
    hasBin: true

  braces@3.0.3:
    resolution: {integrity: sha512-yQbXgO/OSZVD2IsiLlro+7Hf6Q18EJrKSEsdoMzKePKXct3gvD8oLcOQdIzGupr5Fj+EDe8gO/lxc1BzfMpxvA==}
    engines: {node: '>=8'}

  case-anything@3.1.2:
    resolution: {integrity: sha512-wljhAjDDIv/hM2FzgJnYQg90AWmZMNtESCjTeLH680qTzdo0nErlCxOmgzgX4ZsZAtIvqHyD87ES8QyriXB+BQ==}
    engines: {node: '>=18'}

  cli-boxes@4.0.1:
    resolution: {integrity: sha512-5IOn+jcCEHEraYolBPs/sT4BxYCe2nHg374OPiItB1O96KZFseS2gthU4twyYzeDcFew4DaUM/xwc5BQf08JJw==}
    engines: {node: '>=18.20 <19 || >=20.10'}

  cli-cursor@5.0.0:
    resolution: {integrity: sha512-aCj4O5wKyszjMmDT4tZj93kxyydN/K5zPWSCe6/0AV/AA1pqe5ZBIw0a2ZfPQV7lL5/yb5HsUreJ6UFAF1tEQw==}
    engines: {node: '>=18'}

  cli-table3@0.6.5:
    resolution: {integrity: sha512-+W/5efTR7y5HRD7gACw9yQjqMVvEMLBHmboM/kPWam+H+Hmyrgjh6YncVKK122YZkXrLudzTuAukUw9FnMf7IQ==}
    engines: {node: 10.* || >= 12.*}

  cli-truncate@5.2.0:
    resolution: {integrity: sha512-xRwvIOMGrfOAnM1JYtqQImuaNtDEv9v6oIYAs4LIHwTiKee8uwvIi363igssOC0O5U04i4AlENs79LQLu9tEMw==}
    engines: {node: '>=20'}

  commander@8.3.0:
    resolution: {integrity: sha512-OkTL9umf+He2DZkUq8f8J9of7yL6RJKI24dVITBmNfZBmri9zYZQrKkuXiKhyfPSu8tUhnVBB1iKXevvnlR4Ww==}
    engines: {node: '>= 12'}

  cookie@0.7.2:
    resolution: {integrity: sha512-yki5XnKuf750l50uGTllt6kKILY4nQ1eNIQatoXEByZ5dWgnKqbnqmTrBE5B4N7lrMJKQ2ytWMiTO2o0v6Ew/w==}
    engines: {node: '>= 0.6'}

  data-uri-to-buffer@2.0.2:
    resolution: {integrity: sha512-ND9qDTLc6diwj+Xe5cdAgVTbLVdXbtxTJRXRhli8Mowuaan+0EJOtdqJ0QCHNSSPyoXGx9HX2/VMnKeC34AChA==}

  emoji-regex@8.0.0:
    resolution: {integrity: sha512-MSjYzcWNOA0ewAHpz0MxpYFvwg6yjy1NG3xteoqz644VCo/RPgnr1/GGt+ic3iJTzQ8Eu3TdM14SawnVUmGE6A==}

  enquirer@2.4.1:
    resolution: {integrity: sha512-rRqJg/6gd538VHvR3PSrdRBb/1Vy2YfzHqzvbhGIQpDRKIa4FgV/54b5Q1xYSxOOwKvjXweS26E0Q+nAMwp2pQ==}
    engines: {node: '>=8.6'}

  environment@1.1.0:
    resolution: {integrity: sha512-xUtoPkMggbz0MPyPiIWr1Kp4aeWJjDZ6SMvURhimjdZgsRuDplF5/s9hcgGhyXMhs+6vpnuoiZ2kFiu3FMnS8Q==}
    engines: {node: '>=18'}

  fast-check@4.7.0:
    resolution: {integrity: sha512-NsZRtqvSSoCP0HbNjUD+r1JH8zqZalyp6gLY9e7OYs7NK9b6AHOs2baBFeBG7bVNsuoukh89x2Yg3rPsul8ziQ==}
    engines: {node: '>=12.17.0'}

  fast-glob@3.3.3:
    resolution: {integrity: sha512-7MptL8U0cqcFdzIzwOTHoilX9x5BrNqye7Z/LuC7kCMRio1EMSyqRK3BEAUD7sXRq4iT4AzTVuZdhgQ2TCvYLg==}
    engines: {node: '>=8.6.0'}

  fastest-levenshtein@1.0.16:
    resolution: {integrity: sha512-eRnCtTTtGZFpQCwhJiUOuxPQWRXVKYDn0b2PeHfXL6/Zi53SLAzAHfVhVWK2AryC/WH05kGfxhFIPvTF0SXQzg==}
    engines: {node: '>= 4.9.1'}

  fastq@1.20.1:
    resolution: {integrity: sha512-GGToxJ/w1x32s/D2EKND7kTil4n8OVk/9mycTc4VDza13lOvpUZTGX3mFSCtV9ksdGBVzvsyAVLM6mHFThxXxw==}

  fill-range@7.1.1:
    resolution: {integrity: sha512-YsGpe3WHLK8ZYi4tWDg2Jy3ebRz2rXowDxnld4bkQB00cc/1Zw9AWnC0i9ztDJitivtQvaI9KaLyKrc+hBW0yg==}
    engines: {node: '>=8'}

  flattie@1.1.1:
    resolution: {integrity: sha512-9UbaD6XdAL97+k/n+N7JwX46K/M6Zc6KcFYskrYL8wbBV/Uyk0CTAMY0VT+qiK5PM7AIc9aTWYtq65U7T+aCNQ==}
    engines: {node: '>=8'}

  get-east-asian-width@1.4.0:
    resolution: {integrity: sha512-QZjmEOC+IT1uk6Rx0sX22V6uHWVwbdbxf1faPqJ1QhLdGgsRGCZoyaQBm/piRdJy/D2um6hM1UP7ZEeQ4EkP+Q==}
    engines: {node: '>=18'}

  get-east-asian-width@1.5.0:
    resolution: {integrity: sha512-CQ+bEO+Tva/qlmw24dCejulK5pMzVnUOFOijVogd3KQs07HnRIgp8TGipvCCRT06xeYEbpbgwaCxglFyiuIcmA==}
    engines: {node: '>=18'}

  get-source@2.0.12:
    resolution: {integrity: sha512-X5+4+iD+HoSeEED+uwrQ07BOQr0kEDFMVqqpBuI+RaZBpBpHCuXxo70bjar6f0b0u/DQJsJ7ssurpP0V60Az+w==}

  glob-parent@5.1.2:
    resolution: {integrity: sha512-AOIgSQCepiJYwP3ARnGx+5VnTu2HBYdzbGP45eLw1vr3zB3vZLeyed1sC9hnbcOc9/SrMyM5RPQrkGz4aS9Zow==}
    engines: {node: '>= 6'}

  is-extglob@2.1.1:
    resolution: {integrity: sha512-SbKbANkN603Vi4jEZv49LeVJMn4yGwsbzZworEoyEiutsN3nJYdbO36zfhGJ6QEDpOZIFkDtnq5JRxmvl3jsoQ==}
    engines: {node: '>=0.10.0'}

  is-fullwidth-code-point@3.0.0:
    resolution: {integrity: sha512-zymm5+u+sCsSWyD9qNaejV3DFvhCKclKdizYaJUuHA83RLjb7nSuGnddCHGv0hk+KY7BMAlsWeK4Ueg6EV6XQg==}
    engines: {node: '>=8'}

  is-fullwidth-code-point@5.1.0:
    resolution: {integrity: sha512-5XHYaSyiqADb4RnZ1Bdad6cPp8Toise4TzEjcOYDHZkTCbKgiUl7WTUCpNWHuxmDt91wnsZBc9xinNzopv3JMQ==}
    engines: {node: '>=18'}

  is-glob@4.0.3:
    resolution: {integrity: sha512-xelSayHH36ZgE7ZWhli7pW34hNbNl8Ojv5KVmkJD4hBdD3th8Tfk9vYasLM+mXWOZhFkgZfxhLSnrwRr4elSSg==}
    engines: {node: '>=0.10.0'}

  is-number@7.0.0:
    resolution: {integrity: sha512-41Cifkg6e8TylSpdtTpeLVMqvSBEVzTttHvERD741+pnZ8ANv0004MRL43QKPDlK9cGvNp6NZWZUBlbGXYxxng==}
    engines: {node: '>=0.12.0'}

  jsonschema@1.5.0:
    resolution: {integrity: sha512-K+A9hhqbn0f3pJX17Q/7H6yQfD/5OXgdrR5UE12gMXCiN9D5Xq2o5mddV2QEcX/bjla99ASsAAQUyMCCRWAEhw==}

  kleur@4.1.5:
    resolution: {integrity: sha512-o+NO+8WrRiQEE4/7nwRJhN1HWpVmJm511pBHUxPLtp0BUISzlBplORYSmTclCnJvQq2tKu/sgl3xVpkc7ZWuQQ==}
    engines: {node: '>=6'}

  log-update@7.2.0:
    resolution: {integrity: sha512-iLs7dGSyjZiUgvrUvuD3FndAxVJk+TywBkkkwUSm9HdYoskJalWg5qVsEiXeufPvRVPbCUmNQewg798rx+sPXg==}
    engines: {node: '>=20'}

  merge2@1.4.1:
    resolution: {integrity: sha512-8q7VEgMJW4J8tcfVPy8g09NcQwZdbwFEqhe/WZkoIzjn/3TGDwtOCYtXGxA3O8tPzpczCCDgv+P2P5y00ZJOOg==}
    engines: {node: '>= 8'}

  micromatch@4.0.8:
    resolution: {integrity: sha512-PXwfBhYu0hBCPw8Dn0E+WDYb7af3dSLVWKi3HGv84IdF4TyFoC0ysxFd0Goxw7nSv4T/PzEJQxsYsEiFCKo2BA==}
    engines: {node: '>=8.6'}

  mimic-function@5.0.1:
    resolution: {integrity: sha512-VP79XUPxV2CigYP3jWwAUFSku2aKqBH7uTAapFWCBqutsbmDo96KY5o8uh6U+/YSIn5OxJnXp73beVkpqMIGhA==}
    engines: {node: '>=18'}

  mustache@4.2.0:
    resolution: {integrity: sha512-71ippSywq5Yb7/tVYyGbkBggbU8H3u5Rz56fH60jGFgr8uHwxs+aSKeqmluIVzM0m0kB7xQjKS6qPfd0b2ZoqQ==}
    hasBin: true

  ohm-js@17.5.0:
    resolution: {integrity: sha512-l4Sa7026+6jsvYbt0PXKmL+f+ML32fD++IznLgxDhx2t9Cx6NC7zwRqblCujPHGGmkQerHoeBzRutdxaw/S72g==}
    engines: {node: '>=0.12.1'}

  onetime@7.0.0:
    resolution: {integrity: sha512-VXJjc87FScF88uafS3JllDgvAm+c/Slfz06lorj2uAY34rlUu0Nt+v8wreiImcrgAjjIHp1rXpTDlLOGw29WwQ==}
    engines: {node: '>=18'}

  picomatch@2.3.2:
    resolution: {integrity: sha512-V7+vQEJ06Z+c5tSye8S+nHUfI51xoXIXjHQ99cQtKUkQqqO1kO/KCJUfZXuB47h/YBlDhah2H3hdUGXn8ie0oA==}
    engines: {node: '>=8.6'}

  pluralize@8.0.0:
    resolution: {integrity: sha512-Nc3IT5yHzflTfbjgqWcCPpo7DaKy4FnpB0l/zCAW0Tc7jxAiuqSxHasntB3D7887LSrA93kDJ9IXovxJYxyLCA==}
    engines: {node: '>=4'}

  pretty-hrtime@1.0.3:
    resolution: {integrity: sha512-66hKPCr+72mlfiSjlEB1+45IjXSqvVAIy6mocupoww4tBFE9R9IhwwUGoI4G++Tc9Aq+2rxOt0RFU6gPcrte0A==}
    engines: {node: '>= 0.8'}

  printable-characters@1.0.42:
    resolution: {integrity: sha512-dKp+C4iXWK4vVYZmYSd0KBH5F/h1HoZRsbJ82AVKRO3PEo8L4lBS/vLwhVtpwwuYcoIsVY+1JYKR268yn480uQ==}

  pure-rand@8.4.0:
    resolution: {integrity: sha512-IoM8YF/jY0hiugFo/wOWqfmarlE6J0wc6fDK1PhftMk7MGhVZl88sZimmqBBFomLOCSmcCCpsfj7wXASCpvK9A==}

  queue-microtask@1.2.3:
    resolution: {integrity: sha512-NuaNSa6flKT5JaSYQzJok04JzTL1CA6aGhv5rfLW3PgqA+M2ChpZQnAC8h8i4ZFkBS8X5RqkDBHA7r4hej3K9A==}

  restore-cursor@5.1.0:
    resolution: {integrity: sha512-oMA2dcrw6u0YfxJQXm342bFKX/E4sG9rbTzO9ptUcR/e8A33cHuvStiYOwH7fszkZlZ1z/ta9AAoPk2F4qIOHA==}
    engines: {node: '>=18'}

  reusify@1.1.0:
    resolution: {integrity: sha512-g6QUff04oZpHs0eG5p83rFLhHeV00ug/Yf9nZM6fLeUrPguBTkTQOdpAWWspMh55TZfVQDPaN3NQJfbVRAxdIw==}
    engines: {iojs: '>=1.0.0', node: '>=0.10.0'}

  run-parallel@1.2.0:
    resolution: {integrity: sha512-5l4VyZR86LZ/lDxZTR6jqL8AFE2S0IFLMP26AbjsLVADxHdhB/c0GUsH+y39UfCi3dzz8OlQuPmnaJOMoDHQBA==}

  signal-exit@4.1.0:
    resolution: {integrity: sha512-bzyZ1e88w9O1iNJbKnOlvYTrWPDl46O1bG0D3XInv+9tkPrxrN8jUUTiFlDkkmKWgn1M6CfIA13SuGqOa9Korw==}
    engines: {node: '>=14'}

  slice-ansi@8.0.0:
    resolution: {integrity: sha512-stxByr12oeeOyY2BlviTNQlYV5xOj47GirPr4yA1hE9JCtxfQN0+tVbkxwCtYDQWhEKWFHsEK48ORg5jrouCAg==}
    engines: {node: '>=20'}

  slugify@1.6.6:
    resolution: {integrity: sha512-h+z7HKHYXj6wJU+AnS/+IH8Uh9fdcX1Lrhg1/VMdf9PwoBQXFcXiAdsy2tSK0P6gKwJLXp02r90ahUCqHk9rrw==}
    engines: {node: '>=8.0.0'}

  source-map@0.6.1:
    resolution: {integrity: sha512-UjgapumWlbMhkBgzT7Ykc5YXUT46F0iKu8SGXq0bcwP5dz/h0Plj6enJqjz1Zbq2l5WaqYnrVbwWOWMyF3F47g==}
    engines: {node: '>=0.10.0'}

  stacktracey@2.2.0:
    resolution: {integrity: sha512-ETyQEz+CzXiLjEbyJqpbp+/T79RQD/6wqFucRBIlVNZfYq2Ay7wbretD4cxpbymZlaPWx58aIhPEY1Cr8DlVvg==}

  string-width@4.2.3:
    resolution: {integrity: sha512-wKyQRQpjJ0sIp62ErSZdGsjMJWsap5oRNihHhu6G7JVO/9jIB6UyevL+tXuOqrng8j/cxKTWyWUwvSTriiZz/g==}
    engines: {node: '>=8'}

  string-width@8.2.0:
    resolution: {integrity: sha512-6hJPQ8N0V0P3SNmP6h2J99RLuzrWz2gvT7VnK5tKvrNqJoyS9W4/Fb8mo31UiPvy00z7DQXkP2hnKBVav76thw==}
    engines: {node: '>=20'}

  strip-ansi@6.0.1:
    resolution: {integrity: sha512-Y38VPSHcqkFrCpFnQ9vuSXmquuv5oXOKpGeT6aGrr3o3Gc9AlVa6JBfUSOCnbxGGZF+/0ooI7KrPuUSztUdU5A==}
    engines: {node: '>=8'}

  strip-ansi@7.1.2:
    resolution: {integrity: sha512-gmBGslpoQJtgnMAvOVqGZpEz9dyoKTCzy2nfz/n8aIFhN/jCE/rCmcxabB6jOOHV+0WNnylOxaxBQPSvcWklhA==}
    engines: {node: '>=12'}

  strip-ansi@7.2.0:
    resolution: {integrity: sha512-yDPMNjp4WyfYBkHnjIRLfca1i6KMyGCtsVgoKe/z1+6vukgaENdgGBZt+ZmKPc4gavvEZ5OgHfHdrazhgNyG7w==}
    engines: {node: '>=12'}

  supports-color@10.2.2:
    resolution: {integrity: sha512-SS+jx45GF1QjgEXQx4NJZV9ImqmO2NPz5FNsIHrsDjh2YsHnawpan7SNQ1o8NuhrbHZy9AZhIoCUiCeaW/C80g==}
    engines: {node: '>=18'}

  terminal-size@4.0.1:
    resolution: {integrity: sha512-avMLDQpUI9I5XFrklECw1ZEUPJhqzcwSWsyyI8blhRLT+8N1jLJWLWWYQpB2q2xthq8xDvjZPISVh53T/+CLYQ==}
    engines: {node: '>=18'}

  to-regex-range@5.0.1:
    resolution: {integrity: sha512-65P7iz6X5yEr1cwcgvQxbbIw7Uk3gOy5dIdtZ4rDveLqhrdJP+Li/Hx6tyK0NEb+2GCyneCMJiGqrADCSNk8sQ==}
    engines: {node: '>=8.0'}

  typescript@6.0.3:
    resolution: {integrity: sha512-y2TvuxSZPDyQakkFRPZHKFm+KKVqIisdg9/CZwm9ftvKXLP8NRWj38/ODjNbr43SsoXqNuAisEf1GdCxqWcdBw==}
    engines: {node: '>=14.17'}
    hasBin: true

  undici-types@7.19.2:
    resolution: {integrity: sha512-qYVnV5OEm2AW8cJMCpdV20CDyaN3g0AjDlOGf1OW4iaDEx8MwdtChUp4zu4H0VP3nDRF/8RKWH+IPp9uW0YGZg==}

  wrap-ansi@10.0.0:
    resolution: {integrity: sha512-SGcvg80f0wUy2/fXES19feHMz8E0JoXv2uNgHOu4Dgi2OrCy1lqwFYEJz1BLbDI0exjPMe/ZdzZ/YpGECBG/aQ==}
    engines: {node: '>=20'}

  yargs-parser@22.0.0:
    resolution: {integrity: sha512-rwu/ClNdSMpkSrUb+d6BRsSkLUq1fmfsY6TOpYzTwvwkg1/NRG85KBy3kq++A8LKQwX6lsu+aWad+2khvuXrqw==}
    engines: {node: ^20.19.0 || ^22.12.0 || >=23}

  youch@3.3.4:
    resolution: {integrity: sha512-UeVBXie8cA35DS6+nBkls68xaBBXCye0CNznrhszZjTbRVnJKQuNsyLKBTTL4ln1o1rh2PKtv35twV7irj5SEg==}

snapshots:

  '@adonisjs/ace@14.1.0(youch@3.3.4)':
    dependencies:
      '@poppinss/cliui': 6.8.1
      '@poppinss/hooks': 7.3.0
      '@poppinss/macroable': 1.1.2
      '@poppinss/prompts': 3.1.6
      '@poppinss/utils': 7.0.1
      fastest-levenshtein: 1.0.16
      jsonschema: 1.5.0
      string-width: 8.2.0
      yargs-parser: 22.0.0
      youch: 3.3.4

  '@biomejs/biome@2.4.12':
    optionalDependencies:
      '@biomejs/cli-darwin-arm64': 2.4.12
      '@biomejs/cli-darwin-x64': 2.4.12
      '@biomejs/cli-linux-arm64': 2.4.12
      '@biomejs/cli-linux-arm64-musl': 2.4.12
      '@biomejs/cli-linux-x64': 2.4.12
      '@biomejs/cli-linux-x64-musl': 2.4.12
      '@biomejs/cli-win32-arm64': 2.4.12
      '@biomejs/cli-win32-x64': 2.4.12

  '@biomejs/cli-darwin-arm64@2.4.12':
    optional: true

  '@biomejs/cli-darwin-x64@2.4.12':
    optional: true

  '@biomejs/cli-linux-arm64-musl@2.4.12':
    optional: true

  '@biomejs/cli-linux-arm64@2.4.12':
    optional: true

  '@biomejs/cli-linux-x64-musl@2.4.12':
    optional: true

  '@biomejs/cli-linux-x64@2.4.12':
    optional: true

  '@biomejs/cli-win32-arm64@2.4.12':
    optional: true

  '@biomejs/cli-win32-x64@2.4.12':
    optional: true

  '@colors/colors@1.5.0':
    optional: true

  '@nodelib/fs.scandir@2.1.5':
    dependencies:
      '@nodelib/fs.stat': 2.0.5
      run-parallel: 1.2.0

  '@nodelib/fs.stat@2.0.5': {}

  '@nodelib/fs.walk@1.2.8':
    dependencies:
      '@nodelib/fs.scandir': 2.1.5
      fastq: 1.20.1

  '@ohm-js/cli@2.0.1(ohm-js@17.5.0)':
    dependencies:
      commander: 8.3.0
      fast-glob: 3.3.3
      ohm-js: 17.5.0

  '@poppinss/cliui@6.8.1':
    dependencies:
      '@poppinss/colors': 4.1.6
      cli-boxes: 4.0.1
      cli-table3: 0.6.5
      cli-truncate: 5.2.0
      log-update: 7.2.0
      pretty-hrtime: 1.0.3
      string-width: 8.2.0
      supports-color: 10.2.2
      terminal-size: 4.0.1

  '@poppinss/colors@4.1.6':
    dependencies:
      kleur: 4.1.5

  '@poppinss/exception@1.2.3': {}

  '@poppinss/hooks@7.3.0': {}

  '@poppinss/macroable@1.1.2': {}

  '@poppinss/object-builder@1.1.0': {}

  '@poppinss/prompts@3.1.6':
    dependencies:
      '@poppinss/colors': 4.1.6
      '@poppinss/exception': 1.2.3
      '@poppinss/object-builder': 1.1.0
      enquirer: 2.4.1

  '@poppinss/string@1.7.1':
    dependencies:
      '@types/pluralize': 0.0.33
      case-anything: 3.1.2
      pluralize: 8.0.0
      slugify: 1.6.6

  '@poppinss/types@1.2.1': {}

  '@poppinss/utils@7.0.1':
    dependencies:
      '@poppinss/exception': 1.2.3
      '@poppinss/object-builder': 1.1.0
      '@poppinss/string': 1.7.1
      '@poppinss/types': 1.2.1
      flattie: 1.1.1

  '@types/node@25.6.0':
    dependencies:
      undici-types: 7.19.2

  '@types/pluralize@0.0.33': {}

  ansi-colors@4.1.3: {}

  ansi-escapes@7.3.0:
    dependencies:
      environment: 1.1.0

  ansi-regex@5.0.1: {}

  ansi-regex@6.2.2: {}

  ansi-styles@6.2.3: {}

  as-table@1.0.55:
    dependencies:
      printable-characters: 1.0.42

  binaryen@129.0.0-nightly.20260419(patch_hash=20739acd602f8b086ad5e9fad13190d3c17f34b439314689e5ca49189b9ea49d): {}

  braces@3.0.3:
    dependencies:
      fill-range: 7.1.1

  case-anything@3.1.2: {}

  cli-boxes@4.0.1: {}

  cli-cursor@5.0.0:
    dependencies:
      restore-cursor: 5.1.0

  cli-table3@0.6.5:
    dependencies:
      string-width: 4.2.3
    optionalDependencies:
      '@colors/colors': 1.5.0

  cli-truncate@5.2.0:
    dependencies:
      slice-ansi: 8.0.0
      string-width: 8.2.0

  commander@8.3.0: {}

  cookie@0.7.2: {}

  data-uri-to-buffer@2.0.2: {}

  emoji-regex@8.0.0: {}

  enquirer@2.4.1:
    dependencies:
      ansi-colors: 4.1.3
      strip-ansi: 6.0.1

  environment@1.1.0: {}

  fast-check@4.7.0:
    dependencies:
      pure-rand: 8.4.0

  fast-glob@3.3.3:
    dependencies:
      '@nodelib/fs.stat': 2.0.5
      '@nodelib/fs.walk': 1.2.8
      glob-parent: 5.1.2
      merge2: 1.4.1
      micromatch: 4.0.8

  fastest-levenshtein@1.0.16: {}

  fastq@1.20.1:
    dependencies:
      reusify: 1.1.0

  fill-range@7.1.1:
    dependencies:
      to-regex-range: 5.0.1

  flattie@1.1.1: {}

  get-east-asian-width@1.4.0: {}

  get-east-asian-width@1.5.0: {}

  get-source@2.0.12:
    dependencies:
      data-uri-to-buffer: 2.0.2
      source-map: 0.6.1

  glob-parent@5.1.2:
    dependencies:
      is-glob: 4.0.3

  is-extglob@2.1.1: {}

  is-fullwidth-code-point@3.0.0: {}

  is-fullwidth-code-point@5.1.0:
    dependencies:
      get-east-asian-width: 1.4.0

  is-glob@4.0.3:
    dependencies:
      is-extglob: 2.1.1

  is-number@7.0.0: {}

  jsonschema@1.5.0: {}

  kleur@4.1.5: {}

  log-update@7.2.0:
    dependencies:
      ansi-escapes: 7.3.0
      cli-cursor: 5.0.0
      slice-ansi: 8.0.0
      strip-ansi: 7.2.0
      wrap-ansi: 10.0.0

  merge2@1.4.1: {}

  micromatch@4.0.8:
    dependencies:
      braces: 3.0.3
      picomatch: 2.3.2

  mimic-function@5.0.1: {}

  mustache@4.2.0: {}

  ohm-js@17.5.0: {}

  onetime@7.0.0:
    dependencies:
      mimic-function: 5.0.1

  picomatch@2.3.2: {}

  pluralize@8.0.0: {}

  pretty-hrtime@1.0.3: {}

  printable-characters@1.0.42: {}

  pure-rand@8.4.0: {}

  queue-microtask@1.2.3: {}

  restore-cursor@5.1.0:
    dependencies:
      onetime: 7.0.0
      signal-exit: 4.1.0

  reusify@1.1.0: {}

  run-parallel@1.2.0:
    dependencies:
      queue-microtask: 1.2.3

  signal-exit@4.1.0: {}

  slice-ansi@8.0.0:
    dependencies:
      ansi-styles: 6.2.3
      is-fullwidth-code-point: 5.1.0

  slugify@1.6.6: {}

  source-map@0.6.1: {}

  stacktracey@2.2.0:
    dependencies:
      as-table: 1.0.55
      get-source: 2.0.12

  string-width@4.2.3:
    dependencies:
      emoji-regex: 8.0.0
      is-fullwidth-code-point: 3.0.0
      strip-ansi: 6.0.1

  string-width@8.2.0:
    dependencies:
      get-east-asian-width: 1.5.0
      strip-ansi: 7.1.2

  strip-ansi@6.0.1:
    dependencies:
      ansi-regex: 5.0.1

  strip-ansi@7.1.2:
    dependencies:
      ansi-regex: 6.2.2

  strip-ansi@7.2.0:
    dependencies:
      ansi-regex: 6.2.2

  supports-color@10.2.2: {}

  terminal-size@4.0.1: {}

  to-regex-range@5.0.1:
    dependencies:
      is-number: 7.0.0

  typescript@6.0.3: {}

  undici-types@7.19.2: {}

  wrap-ansi@10.0.0:
    dependencies:
      ansi-styles: 6.2.3
      string-width: 8.2.0
      strip-ansi: 7.2.0

  yargs-parser@22.0.0: {}

  youch@3.3.4:
    dependencies:
      cookie: 0.7.2
      mustache: 4.2.0
      stacktracey: 2.2.0
